
Microsoft Visual Studio Solution File, Format Version 12.00
# Visual Studio Version 16
VisualStudioVersion = 16.0.30128.74
MinimumVisualStudioVersion = 10.0.40219.1
Project("{FAE04EC0-301F-11D3-BF4B-00C04F79EFBC}") = "Buffalo", "Buffalo\Buffalo.csproj", "{073B8630-BE97-4A45-9A57-8D669A5F3DB0}"
EndProject
Global
	GlobalSection(SolutionConfigurationPlatforms) = preSolution
		Debug|Any CPU = Debug|Any CPU
		Release|Any CPU = Release|Any CPU
	EndGlobalSection
	GlobalSection(ProjectConfigurationPlatforms) = postSolution
		{073B8630-BE97-4A45-9A57-8D669A5F3DB0}.Debug|Any CPU.ActiveCfg = Debug|Any CPU
		{073B8630-BE97-4A45-9A57-8D669A5F3DB0}.Debug|Any CPU.Build.0 = Debug|Any CPU
		{073B8630-BE97-4A45-9A57-8D669A5F3DB0}.Release|Any CPU.ActiveCfg = Release|Any CPU
		{073B8630-BE97-4A45-9A57-8D669A5F3DB0}.Release|Any CPU.Build.0 = Release|Any CPU
	EndGlobalSection
	GlobalSection(SolutionProperties) = preSolution
		HideSolutionNode = FALSE
	EndGlobalSection
	GlobalSection(ExtensibilityGlobals) = postSolution
		SolutionGuid = {AB7F7BEE-E1A7-4BE9-A761-D9AF2187870D}
	EndGlobalSection
EndGlobal
